
Microsoft Visual Studio Solution File, Format Version 12.00
# Visual Studio Version 16
VisualStudioVersion = 16.0.29418.71
MinimumVisualStudioVersion = 10.0.40219.1
Project("{8BC9CEB8-8B4A-11D0-8D11-00A0C91BC942}") = "Assign_2_FInal", "Assign_2_FInal\Assign_2_FInal.vcxproj", "{62EDFA1A-B1B7-4F0F-9135-C4CB52BF9497}"
EndProject
Project("{8BC9CEB8-8B4A-11D0-8D11-00A0C91BC942}") = "Sample-Test1", "Sample-Test1\Sample-Test1.vcxproj", "{8C51337D-59F0-43C1-ACC7-0E46BB30FB99}"
EndProject
Global
	GlobalSection(SolutionConfigurationPlatforms) = preSolution
		Debug|x64 = Debug|x64
		Debug|x86 = Debug|x86
		Release|x64 = Release|x64
		Release|x86 = Release|x86
	EndGlobalSection
	GlobalSection(ProjectConfigurationPlatforms) = postSolution
		{62EDFA1A-B1B7-4F0F-9135-C4CB52BF9497}.Debug|x64.ActiveCfg = Debug|x64
		{62EDFA1A-B1B7-4F0F-9135-C4CB52BF9497}.Debug|x64.Build.0 = Debug|x64
		{62EDFA1A-B1B7-4F0F-9135-C4CB52BF9497}.Debug|x86.ActiveCfg = Debug|Win32
		{62EDFA1A-B1B7-4F0F-9135-C4CB52BF9497}.Debug|x86.Build.0 = Debug|Win32
		{62EDFA1A-B1B7-4F0F-9135-C4CB52BF9497}.Release|x64.ActiveCfg = Release|x64
		{62EDFA1A-B1B7-4F0F-9135-C4CB52BF9497}.Release|x64.Build.0 = Release|x64
		{62EDFA1A-B1B7-4F0F-9135-C4CB52BF9497}.Release|x86.ActiveCfg = Release|Win32
		{62EDFA1A-B1B7-4F0F-9135-C4CB52BF9497}.Release|x86.Build.0 = Release|Win32
		{8C51337D-59F0-43C1-ACC7-0E46BB30FB99}.Debug|x64.ActiveCfg = Debug|x64
		{8C51337D-59F0-43C1-ACC7-0E46BB30FB99}.Debug|x64.Build.0 = Debug|x64
		{8C51337D-59F0-43C1-ACC7-0E46BB30FB99}.Debug|x86.ActiveCfg = Debug|Win32
		{8C51337D-59F0-43C1-ACC7-0E46BB30FB99}.Debug|x86.Build.0 = Debug|Win32
		{8C51337D-59F0-43C1-ACC7-0E46BB30FB99}.Release|x64.ActiveCfg = Release|x64
		{8C51337D-59F0-43C1-ACC7-0E46BB30FB99}.Release|x64.Build.0 = Release|x64
		{8C51337D-59F0-43C1-ACC7-0E46BB30FB99}.Release|x86.ActiveCfg = Release|Win32
		{8C51337D-59F0-43C1-ACC7-0E46BB30FB99}.Release|x86.Build.0 = Release|Win32
	EndGlobalSection
	GlobalSection(SolutionProperties) = preSolution
		HideSolutionNode = FALSE
	EndGlobalSection
	GlobalSection(ExtensibilityGlobals) = postSolution
		SolutionGuid = {2CBB1092-AF1F-4457-AD2A-7B9D1144DD6F}
	EndGlobalSection
EndGlobal
